{
  "name": "npm-link-bug",
  "version": "1.0.0",
  "lockfileVersion": 1,
  "requires": true,
  "dependencies": {
    "npm-link-bug-dep": {
      "version": "github:justincy/npm-link-bug-dep#8f41889e8e551ae22565b036dae7838f29e8da7f",
      "from": "github:justincy/npm-link-bug-dep#semver:^1.0.0"
    }
  }
}
